
Microsoft Visual Studio Solution File, Format Version 12.00
# Visual Studio Version 16
VisualStudioVersion = 16.0.30406.217
MinimumVisualStudioVersion = 10.0.40219.1
Project("{FAE04EC0-301F-11D3-BF4B-00C04F79EFBC}") = "Vending 2.0", "Vending 2.0\Vending 2.0.csproj", "{33E5407B-A8D6-45CE-84D4-9AAFD6735F51}"
EndProject
Global
	GlobalSection(SolutionConfigurationPlatforms) = preSolution
		Debug|Any CPU = Debug|Any CPU
		Release|Any CPU = Release|Any CPU
	EndGlobalSection
	GlobalSection(ProjectConfigurationPlatforms) = postSolution
		{33E5407B-A8D6-45CE-84D4-9AAFD6735F51}.Debug|Any CPU.ActiveCfg = Debug|Any CPU
		{33E5407B-A8D6-45CE-84D4-9AAFD6735F51}.Debug|Any CPU.Build.0 = Debug|Any CPU
		{33E5407B-A8D6-45CE-84D4-9AAFD6735F51}.Release|Any CPU.ActiveCfg = Release|Any CPU
		{33E5407B-A8D6-45CE-84D4-9AAFD6735F51}.Release|Any CPU.Build.0 = Release|Any CPU
	EndGlobalSection
	GlobalSection(SolutionProperties) = preSolution
		HideSolutionNode = FALSE
	EndGlobalSection
	GlobalSection(ExtensibilityGlobals) = postSolution
		SolutionGuid = {D0DEABB1-B2D2-44C6-955F-67DC2DB6A077}
	EndGlobalSection
EndGlobal
